
Microsoft Visual Studio Solution File, Format Version 12.00
# Visual Studio Version 16
VisualStudioVersion = 16.0.29613.14
MinimumVisualStudioVersion = 10.0.40219.1
Project("{FAE04EC0-301F-11D3-BF4B-00C04F79EFBC}") = "task2", "task2\task2.csproj", "{BFC1CDC7-FE8D-42F9-9CD3-2C9B66B80276}"
EndProject
Global
	GlobalSection(SolutionConfigurationPlatforms) = preSolution
		Debug|Any CPU = Debug|Any CPU
		Release|Any CPU = Release|Any CPU
	EndGlobalSection
	GlobalSection(ProjectConfigurationPlatforms) = postSolution
		{BFC1CDC7-FE8D-42F9-9CD3-2C9B66B80276}.Debug|Any CPU.ActiveCfg = Debug|Any CPU
		{BFC1CDC7-FE8D-42F9-9CD3-2C9B66B80276}.Debug|Any CPU.Build.0 = Debug|Any CPU
		{BFC1CDC7-FE8D-42F9-9CD3-2C9B66B80276}.Release|Any CPU.ActiveCfg = Release|Any CPU
		{BFC1CDC7-FE8D-42F9-9CD3-2C9B66B80276}.Release|Any CPU.Build.0 = Release|Any CPU
	EndGlobalSection
	GlobalSection(SolutionProperties) = preSolution
		HideSolutionNode = FALSE
	EndGlobalSection
	GlobalSection(ExtensibilityGlobals) = postSolution
		SolutionGuid = {2076A285-4433-4D76-9E29-6DDD279FBF9E}
	EndGlobalSection
EndGlobal
